
Microsoft Visual Studio Solution File, Format Version 12.00
# Visual Studio Version 17
VisualStudioVersion = 17.9.34701.34
MinimumVisualStudioVersion = 10.0.40219.1
Project("{9A19103F-16F7-4668-BE54-9A1E7A4F7556}") = "Quotaion.Server", "Quotaion\Server\Quotaion.Server.csproj", "{41FE6E99-CBFC-4E11-AD80-2E2ABC80D95C}"
EndProject
Project("{9A19103F-16F7-4668-BE54-9A1E7A4F7556}") = "Quotaion.Client", "Quotaion\Client\Quotaion.Client.csproj", "{081A6BAA-C834-4F5C-9DB6-FD7B59E75760}"
EndProject
Project("{9A19103F-16F7-4668-BE54-9A1E7A4F7556}") = "Quotaion.Shared", "Quotaion\Shared\Quotaion.Shared.csproj", "{6E98F95E-0B80-49C3-97B0-7514C29A3B84}"
EndProject
Global
	GlobalSection(SolutionConfigurationPlatforms) = preSolution
		Debug|Any CPU = Debug|Any CPU
		Release|Any CPU = Release|Any CPU
	EndGlobalSection
	GlobalSection(ProjectConfigurationPlatforms) = postSolution
		{41FE6E99-CBFC-4E11-AD80-2E2ABC80D95C}.Debug|Any CPU.ActiveCfg = Debug|Any CPU
		{41FE6E99-CBFC-4E11-AD80-2E2ABC80D95C}.Debug|Any CPU.Build.0 = Debug|Any CPU
		{41FE6E99-CBFC-4E11-AD80-2E2ABC80D95C}.Release|Any CPU.ActiveCfg = Release|Any CPU
		{41FE6E99-CBFC-4E11-AD80-2E2ABC80D95C}.Release|Any CPU.Build.0 = Release|Any CPU
		{081A6BAA-C834-4F5C-9DB6-FD7B59E75760}.Debug|Any CPU.ActiveCfg = Debug|Any CPU
		{081A6BAA-C834-4F5C-9DB6-FD7B59E75760}.Debug|Any CPU.Build.0 = Debug|Any CPU
		{081A6BAA-C834-4F5C-9DB6-FD7B59E75760}.Release|Any CPU.ActiveCfg = Release|Any CPU
		{081A6BAA-C834-4F5C-9DB6-FD7B59E75760}.Release|Any CPU.Build.0 = Release|Any CPU
		{6E98F95E-0B80-49C3-97B0-7514C29A3B84}.Debug|Any CPU.ActiveCfg = Debug|Any CPU
		{6E98F95E-0B80-49C3-97B0-7514C29A3B84}.Debug|Any CPU.Build.0 = Debug|Any CPU
		{6E98F95E-0B80-49C3-97B0-7514C29A3B84}.Release|Any CPU.ActiveCfg = Release|Any CPU
		{6E98F95E-0B80-49C3-97B0-7514C29A3B84}.Release|Any CPU.Build.0 = Release|Any CPU
	EndGlobalSection
	GlobalSection(SolutionProperties) = preSolution
		HideSolutionNode = FALSE
	EndGlobalSection
	GlobalSection(ExtensibilityGlobals) = postSolution
		SolutionGuid = {6D079143-19DD-4D1F-852B-E1446AFF748F}
	EndGlobalSection
EndGlobal
